github.com/kaustavc/test-go-project1 v1.0.0 h1:7ZBbyIp/Cqfga9/Kz0hLAv8JdkhKG8yuP7CYmYHMa1w=
github.com/kaustavc/test-go-project1 v1.0.2 h1:Oig1QxZuCBzlwPfGOiqGegvh4nXFUQt0+PQdllSp7nE=
github.com/kaustavc/test-go-project1 v1.0.2/go.mod h1:wcmO0gLGxo0kk/M0lQar1DsnAMh1HU6bYsW3qERFWT0=
github.com/kaustavc/test-go-project1 v1.0.3 h1:avEvDCi6bCcYh4pUYDsPD5sLuItbaXYK7Je2Tov0mh4=
github.com/kaustavc/test-go-project1 v1.0.3/go.mod h1:wcmO0gLGxo0kk/M0lQar1DsnAMh1HU6bYsW3qERFWT0=
